
Microsoft Visual Studio Solution File, Format Version 12.00
# Visual Studio Version 17
VisualStudioVersion = 17.10.35027.167
MinimumVisualStudioVersion = 10.0.40219.1
Project("{FAE04EC0-301F-11D3-BF4B-00C04F79EFBC}") = "uchat", "uchat.csproj", "{BF229106-D3D4-4713-B389-B07732139812}"
EndProject
Global
	GlobalSection(SolutionConfigurationPlatforms) = preSolution
		Debug|Any CPU = Debug|Any CPU
		Release|Any CPU = Release|Any CPU
	EndGlobalSection
	GlobalSection(ProjectConfigurationPlatforms) = postSolution
		{BF229106-D3D4-4713-B389-B07732139812}.Debug|Any CPU.ActiveCfg = Debug|Any CPU
		{BF229106-D3D4-4713-B389-B07732139812}.Debug|Any CPU.Build.0 = Debug|Any CPU
		{BF229106-D3D4-4713-B389-B07732139812}.Release|Any CPU.ActiveCfg = Release|Any CPU
		{BF229106-D3D4-4713-B389-B07732139812}.Release|Any CPU.Build.0 = Release|Any CPU
	EndGlobalSection
	GlobalSection(SolutionProperties) = preSolution
		HideSolutionNode = FALSE
	EndGlobalSection
	GlobalSection(ExtensibilityGlobals) = postSolution
		SolutionGuid = {42D3D51C-AC78-4FE7-A426-A46DA7818FA1}
	EndGlobalSection
EndGlobal
